<?xml version="1.0" encoding="utf-8"?>
<Project ToolsVersion="4.0" xmlns="http://schemas.microsoft.com/developer/msbuild/2003">
  <ItemGroup>
    <Filter Include="源文件">
      <UniqueIdentifier>{4FC737F1-C7A5-4376-A066-2A32D752A2FF}</UniqueIdentifier>
      <Extensions>cpp;c;cc;cxx;c++;cppm;ixx;def;odl;idl;hpj;bat;asm;asmx</Extensions>
    </Filter>
    <Filter Include="头文件">
      <UniqueIdentifier>{93995380-89BD-4b04-88EB-625FBE52EBFB}</UniqueIdentifier>
      <Extensions>h;hh;hpp;hxx;h++;hm;inl;inc;ipp;xsd</Extensions>
    </Filter>
    <Filter Include="资源文件">
      <UniqueIdentifier>{67DA6AB6-F800-4c08-8B7A-83BB121AAD01}</UniqueIdentifier>
      <Extensions>rc;ico;cur;bmp;dlg;rc2;rct;bin;rgs;gif;jpg;jpeg;jpe;resx;tiff;tif;png;wav;mfcribbon-ms</Extensions>
    </Filter>
    <Filter Include="Src">
      <UniqueIdentifier>{a9cb7a10-d3e0-476c-8673-1f768fdbfd74}</UniqueIdentifier>
    </Filter>
  </ItemGroup>
  <ItemGroup>
    <ClCompile Include="RUDP.cpp">
      <Filter>源文件</Filter>
    </ClCompile>
    <ClCompile Include="Client\Client.cpp">
      <Filter>源文件</Filter>
    </ClCompile>
    <ClCompile Include="Client\CL_Login.cpp">
      <Filter>源文件</Filter>
    </ClCompile>
    <ClCompile Include="Common\Command.cpp">
      <Filter>源文件</Filter>
    </ClCompile>
    <ClCompile Include="Common\Common.cpp">
      <Filter>源文件</Filter>
    </ClCompile>
    <ClCompile Include="Common\Console.cpp">
      <Filter>源文件</Filter>
    </ClCompile>
    <ClCompile Include="Common\CVar.cpp">
      <Filter>源文件</Filter>
    </ClCompile>
    <ClCompile Include="Common\Log.cpp">
      <Filter>源文件</Filter>
    </ClCompile>
    <ClCompile Include="Common\Net.cpp">
      <Filter>源文件</Filter>
    </ClCompile>
    <ClCompile Include="Common\Net_Chan.cpp">
      <Filter>源文件</Filter>
    </ClCompile>
    <ClCompile Include="Core\ClassInfo.cpp">
      <Filter>源文件</Filter>
    </ClCompile>
    <ClCompile Include="Core\CObject.cpp">
      <Filter>源文件</Filter>
    </ClCompile>
    <ClCompile Include="Engine\Actor.cpp">
      <Filter>源文件</Filter>
    </ClCompile>
    <ClCompile Include="Engine\Engine.cpp">
      <Filter>源文件</Filter>
    </ClCompile>
    <ClCompile Include="Engine\Launcher.cpp">
      <Filter>源文件</Filter>
    </ClCompile>
    <ClCompile Include="NetDriver\Channel.cpp">
      <Filter>源文件</Filter>
    </ClCompile>
    <ClCompile Include="NetDriver\FSocket.cpp">
      <Filter>源文件</Filter>
    </ClCompile>
    <ClCompile Include="NetDriver\IPNetConnection.cpp">
      <Filter>源文件</Filter>
    </ClCompile>
    <ClCompile Include="NetDriver\NetConnection.cpp">
      <Filter>源文件</Filter>
    </ClCompile>
    <ClCompile Include="NetDriver\NetDriver.cpp">
      <Filter>源文件</Filter>
    </ClCompile>
    <ClCompile Include="NetDriver\NetworkObjectList.cpp">
      <Filter>源文件</Filter>
    </ClCompile>
    <ClCompile Include="NetDriver\ObjectReplicator.cpp">
      <Filter>源文件</Filter>
    </ClCompile>
    <ClCompile Include="NetDriver\RepChangedPropertyTracker.cpp">
      <Filter>源文件</Filter>
    </ClCompile>
    <ClCompile Include="NetDriver\Replayout.cpp">
      <Filter>源文件</Filter>
    </ClCompile>
    <ClCompile Include="NetDriver\SocketSystem.cpp">
      <Filter>源文件</Filter>
    </ClCompile>
    <ClCompile Include="Server\Server.cpp">
      <Filter>源文件</Filter>
    </ClCompile>
    <ClCompile Include="Server\SV_Login.cpp">
      <Filter>源文件</Filter>
    </ClCompile>
    <ClCompile Include="Test\TestEngine.cpp">
      <Filter>源文件</Filter>
    </ClCompile>
    <ClCompile Include="Test\TestNetDriver.cpp">
      <Filter>源文件</Filter>
    </ClCompile>
    <ClCompile Include="Test\Test.cpp">
      <Filter>源文件</Filter>
    </ClCompile>
    <ClCompile Include="NetworkSystem\EventLoop.cpp">
      <Filter>源文件</Filter>
    </ClCompile>
    <ClCompile Include="NetworkSystem\Ev_Select.cpp">
      <Filter>源文件</Filter>
    </ClCompile>
    <ClCompile Include="NetworkSystem\Ev_Impl.cpp">
      <Filter>源文件</Filter>
    </ClCompile>
  </ItemGroup>
  <ItemGroup>
    <ClInclude Include="Client\Client.h">
      <Filter>头文件</Filter>
    </ClInclude>
    <ClInclude Include="Common\Command.h">
      <Filter>头文件</Filter>
    </ClInclude>
    <ClInclude Include="Common\Common.h">
      <Filter>头文件</Filter>
    </ClInclude>
    <ClInclude Include="Common\Console.h">
      <Filter>头文件</Filter>
    </ClInclude>
    <ClInclude Include="Common\CVar.h">
      <Filter>头文件</Filter>
    </ClInclude>
    <ClInclude Include="Common\IOBuffer.h">
      <Filter>头文件</Filter>
    </ClInclude>
    <ClInclude Include="Common\Log.h">
      <Filter>头文件</Filter>
    </ClInclude>
    <ClInclude Include="Common\Net.h">
      <Filter>头文件</Filter>
    </ClInclude>
    <ClInclude Include="Common\Net_Chan.h">
      <Filter>头文件</Filter>
    </ClInclude>
    <ClInclude Include="Common\Protocol.h">
      <Filter>头文件</Filter>
    </ClInclude>
    <ClInclude Include="Core\ClassInfo.h">
      <Filter>头文件</Filter>
    </ClInclude>
    <ClInclude Include="Core\ClassInfoUtile.h">
      <Filter>头文件</Filter>
    </ClInclude>
    <ClInclude Include="Core\CObject.h">
      <Filter>头文件</Filter>
    </ClInclude>
    <ClInclude Include="Core\CoreNet.h">
      <Filter>头文件</Filter>
    </ClInclude>
    <ClInclude Include="Core\GenericPlatform.h">
      <Filter>头文件</Filter>
    </ClInclude>
    <ClInclude Include="Core\Typedef.h">
      <Filter>头文件</Filter>
    </ClInclude>
    <ClInclude Include="Engine\Actor.h">
      <Filter>头文件</Filter>
    </ClInclude>
    <ClInclude Include="Engine\EngeinInterface.h">
      <Filter>头文件</Filter>
    </ClInclude>
    <ClInclude Include="Engine\Engine.h">
      <Filter>头文件</Filter>
    </ClInclude>
    <ClInclude Include="Engine\EngineTypeDef.h">
      <Filter>头文件</Filter>
    </ClInclude>
    <ClInclude Include="Engine\GlobalNames.h">
      <Filter>头文件</Filter>
    </ClInclude>
    <ClInclude Include="Engine\Launcher.h">
      <Filter>头文件</Filter>
    </ClInclude>
    <ClInclude Include="NetDriver\Channel.h">
      <Filter>头文件</Filter>
    </ClInclude>
    <ClInclude Include="NetDriver\FSocket.h">
      <Filter>头文件</Filter>
    </ClInclude>
    <ClInclude Include="NetDriver\IPNetConnection.h">
      <Filter>头文件</Filter>
    </ClInclude>
    <ClInclude Include="NetDriver\NetConnection.h">
      <Filter>头文件</Filter>
    </ClInclude>
    <ClInclude Include="NetDriver\NetDriver.h">
      <Filter>头文件</Filter>
    </ClInclude>
    <ClInclude Include="NetDriver\NetType.h">
      <Filter>头文件</Filter>
    </ClInclude>
    <ClInclude Include="NetDriver\NetworkObjectList.h">
      <Filter>头文件</Filter>
    </ClInclude>
    <ClInclude Include="NetDriver\ObjectReplicator.h">
      <Filter>头文件</Filter>
    </ClInclude>
    <ClInclude Include="NetDriver\RepChangedPropertyTracker.h">
      <Filter>头文件</Filter>
    </ClInclude>
    <ClInclude Include="NetDriver\Replayout.h">
      <Filter>头文件</Filter>
    </ClInclude>
    <ClInclude Include="NetDriver\SocketSystem.h">
      <Filter>头文件</Filter>
    </ClInclude>
    <ClInclude Include="Server\Server.h">
      <Filter>头文件</Filter>
    </ClInclude>
    <ClInclude Include="Test\TestEngine.h">
      <Filter>头文件</Filter>
    </ClInclude>
    <ClInclude Include="Test\TestNetDriver.h">
      <Filter>头文件</Filter>
    </ClInclude>
    <ClInclude Include="Test\Test.h">
      <Filter>头文件</Filter>
    </ClInclude>
    <ClInclude Include="NetworkSystem\EventLoop.h">
      <Filter>头文件</Filter>
    </ClInclude>
    <ClInclude Include="NetworkSystem\Ev_Select.h">
      <Filter>头文件</Filter>
    </ClInclude>
    <ClInclude Include="NetworkSystem\Ev_Impl.h">
      <Filter>头文件</Filter>
    </ClInclude>
  </ItemGroup>
</Project>